{
  "name": "vazirmatn",
  "version": "33.0.3",
  "lockfileVersion": 3,
  "requires": true,
  "packages": {
    "": {
      "name": "vazirmatn",
      "version": "33.0.3",
      "license": "OFL",
      "dependencies": {
        "vazirmatn": "file:"
      }
    },
    "node_modules/vazirmatn": {
      "resolved": "",
      "link": true
    }
  }
}
